// !$*UTF8*$!
{
	archiveVersion = 1;
	classes = {
	};
	objectVersion = 46;
	objects = {

/* Begin PBXBuildFile section */
		55A35A561B80969100A187CE /* splash.jpg in Resources */ = {isa = PBXBuildFile; fileRef = 55A35A551B80969100A187CE /* splash.jpg */; };
		55A35A721B80BF0400A187CE /* AppDelegate.m.orig in Resources */ = {isa = PBXBuildFile; fileRef = 55A35A691B80BF0400A187CE /* AppDelegate.m.orig */; };
		55A35A731B80BF0400A187CE /* SparkCoreConnector.m in Sources */ = {isa = PBXBuildFile; fileRef = 55A35A6B1B80BF0400A187CE /* SparkCoreConnector.m */; };
		55A35A741B80BF0400A187CE /* SparkTransaction.m in Sources */ = {isa = PBXBuildFile; fileRef = 55A35A6D1B80BF0400A187CE /* SparkTransaction.m */; };
		55A35A751B80BF0400A187CE /* SparkTransactionGet.m in Sources */ = {isa = PBXBuildFile; fileRef = 55A35A6F1B80BF0400A187CE /* SparkTransactionGet.m */; };
		55A35A761B80BF0400A187CE /* SparkTransactionPost.m in Sources */ = {isa = PBXBuildFile; fileRef = 55A35A711B80BF0400A187CE /* SparkTransactionPost.m */; };
		55FE90F01B7F12320098B943 /* AudioToolbox.framework in Frameworks */ = {isa = PBXBuildFile; fileRef = 55FE90EF1B7F12320098B943 /* AudioToolbox.framework */; };
		55FE90F21B7F12380098B943 /* CFNetwork.framework in Frameworks */ = {isa = PBXBuildFile; fileRef = 55FE90F11B7F12380098B943 /* CFNetwork.framework */; };
		55FE90F41B7F12540098B943 /* QuartzCore.framework in Frameworks */ = {isa = PBXBuildFile; fileRef = 55FE90F31B7F12540098B943 /* QuartzCore.framework */; };
		55FE90F61B7F125F0098B943 /* Security.framework in Frameworks */ = {isa = PBXBuildFile; fileRef = 55FE90F51B7F125F0098B943 /* Security.framework */; };
		55FE90F81B7F126A0098B943 /* StoreKit.framework in Frameworks */ = {isa = PBXBuildFile; fileRef = 55FE90F71B7F126A0098B943 /* StoreKit.framework */; };
		55FE90FA1B7F12780098B943 /* SystemConfiguration.framework in Frameworks */ = {isa = PBXBuildFile; fileRef = 55FE90F91B7F12780098B943 /* SystemConfiguration.framework */; };
		55FE90FC1B7F12960098B943 /* libz.dylib in Frameworks */ = {isa = PBXBuildFile; fileRef = 55FE90FB1B7F12960098B943 /* libz.dylib */; };
		55FE90FE1B7F12A80098B943 /* libsqlite3.dylib in Frameworks */ = {isa = PBXBuildFile; fileRef = 55FE90FD1B7F12A80098B943 /* libsqlite3.dylib */; };
		55FE91001B7F12B60098B943 /* Accounts.framework in Frameworks */ = {isa = PBXBuildFile; fileRef = 55FE90FF1B7F12B60098B943 /* Accounts.framework */; };
		55FE91021B7F12C20098B943 /* Social.framework in Frameworks */ = {isa = PBXBuildFile; fileRef = 55FE91011B7F12C20098B943 /* Social.framework */; };
		55FE910A1B7F2E6E0098B943 /* Facebook.plist in Resources */ = {isa = PBXBuildFile; fileRef = 55FE91091B7F2E6E0098B943 /* Facebook.plist */; };
		A4107F8A1B7FED260022A4FC /* back.png in Resources */ = {isa = PBXBuildFile; fileRef = A4107F891B7FED260022A4FC /* back.png */; };
		A4107F8E1B8001450022A4FC /* kiss_fft.c in Sources */ = {isa = PBXBuildFile; fileRef = A4107F8C1B8001450022A4FC /* kiss_fft.c */; };
		A4107F901B8019820022A4FC /* Settings.jpg in Resources */ = {isa = PBXBuildFile; fileRef = A4107F8F1B8019810022A4FC /* Settings.jpg */; };
		A4107F921B80198A0022A4FC /* Safety.jpg in Resources */ = {isa = PBXBuildFile; fileRef = A4107F911B80198A0022A4FC /* Safety.jpg */; };
		A4107F941B8030060022A4FC /* start.png in Resources */ = {isa = PBXBuildFile; fileRef = A4107F931B8030060022A4FC /* start.png */; };
		A4107F961B803CF10022A4FC /* popup.png in Resources */ = {isa = PBXBuildFile; fileRef = A4107F951B803CF10022A4FC /* popup.png */; };
		A48597911B7F0C37009D5822 /* main.m in Sources */ = {isa = PBXBuildFile; fileRef = A48597901B7F0C37009D5822 /* main.m */; };
		A48597941B7F0C37009D5822 /* AppDelegate.m in Sources */ = {isa = PBXBuildFile; fileRef = A48597931B7F0C37009D5822 /* AppDelegate.m */; };
		A48597971B7F0C37009D5822 /* ViewController.m in Sources */ = {isa = PBXBuildFile; fileRef = A48597961B7F0C37009D5822 /* ViewController.m */; };
		A485979A1B7F0C37009D5822 /* Main.storyboard in Resources */ = {isa = PBXBuildFile; fileRef = A48597981B7F0C37009D5822 /* Main.storyboard */; };
		A485979C1B7F0C37009D5822 /* Images.xcassets in Resources */ = {isa = PBXBuildFile; fileRef = A485979B1B7F0C37009D5822 /* Images.xcassets */; };
		A485979F1B7F0C37009D5822 /* LaunchScreen.xib in Resources */ = {isa = PBXBuildFile; fileRef = A485979D1B7F0C37009D5822 /* LaunchScreen.xib */; };
		A48597AB1B7F0C37009D5822 /* HackThePlanetTests.m in Sources */ = {isa = PBXBuildFile; fileRef = A48597AA1B7F0C37009D5822 /* HackThePlanetTests.m */; };
		A48597B51B7F0C44009D5822 /* UIKit.framework in Frameworks */ = {isa = PBXBuildFile; fileRef = A48597B41B7F0C44009D5822 /* UIKit.framework */; };
		A48597B71B7F0C49009D5822 /* CoreLocation.framework in Frameworks */ = {isa = PBXBuildFile; fileRef = A48597B61B7F0C49009D5822 /* CoreLocation.framework */; };
		A48597BA1B7F0C59009D5822 /* LoginViewController.m in Sources */ = {isa = PBXBuildFile; fileRef = A48597B91B7F0C59009D5822 /* LoginViewController.m */; };
		A48597BC1B7F0D97009D5822 /* MapKit.framework in Frameworks */ = {isa = PBXBuildFile; fileRef = A48597BB1B7F0D97009D5822 /* MapKit.framework */; };
		A48597BE1B7F0DA2009D5822 /* CoreGraphics.framework in Frameworks */ = {isa = PBXBuildFile; fileRef = A48597BD1B7F0DA2009D5822 /* CoreGraphics.framework */; };
		A4A2512F1B7F241900EC57BA /* AddFriendViewController.m in Sources */ = {isa = PBXBuildFile; fileRef = A4A2512E1B7F241900EC57BA /* AddFriendViewController.m */; };
		A4B19AAF1B7FB333009DE5D6 /* Bolts.framework in Frameworks */ = {isa = PBXBuildFile; fileRef = A4B19AA81B7FB333009DE5D6 /* Bolts.framework */; };
		A4B19AB01B7FB333009DE5D6 /* Bolts.framework in Frameworks */ = {isa = PBXBuildFile; fileRef = A4B19AA81B7FB333009DE5D6 /* Bolts.framework */; };
		A4B19AB11B7FB333009DE5D6 /* Parse.framework in Frameworks */ = {isa = PBXBuildFile; fileRef = A4B19AA91B7FB333009DE5D6 /* Parse.framework */; };
		A4B19AB21B7FB333009DE5D6 /* Parse.framework in Frameworks */ = {isa = PBXBuildFile; fileRef = A4B19AA91B7FB333009DE5D6 /* Parse.framework */; };
		A4B19AB31B7FB333009DE5D6 /* ParseCrashReporting.framework in Frameworks */ = {isa = PBXBuildFile; fileRef = A4B19AAA1B7FB333009DE5D6 /* ParseCrashReporting.framework */; };
		A4B19AB41B7FB333009DE5D6 /* ParseCrashReporting.framework in Frameworks */ = {isa = PBXBuildFile; fileRef = A4B19AAA1B7FB333009DE5D6 /* ParseCrashReporting.framework */; };
		A4B19AB51B7FB333009DE5D6 /* ParseFacebookUtils.framework in Frameworks */ = {isa = PBXBuildFile; fileRef = A4B19AAB1B7FB333009DE5D6 /* ParseFacebookUtils.framework */; };
		A4B19AB61B7FB333009DE5D6 /* ParseFacebookUtils.framework in Frameworks */ = {isa = PBXBuildFile; fileRef = A4B19AAB1B7FB333009DE5D6 /* ParseFacebookUtils.framework */; };
		A4B19AB71B7FB333009DE5D6 /* ParseFacebookUtilsV4.framework in Frameworks */ = {isa = PBXBuildFile; fileRef = A4B19AAC1B7FB333009DE5D6 /* ParseFacebookUtilsV4.framework */; };
		A4B19AB81B7FB333009DE5D6 /* ParseFacebookUtilsV4.framework in Frameworks */ = {isa = PBXBuildFile; fileRef = A4B19AAC1B7FB333009DE5D6 /* ParseFacebookUtilsV4.framework */; };
		A4B19AB91B7FB333009DE5D6 /* ParseTwitterUtils.framework in Frameworks */ = {isa = PBXBuildFile; fileRef = A4B19AAD1B7FB333009DE5D6 /* ParseTwitterUtils.framework */; };
		A4B19ABA1B7FB333009DE5D6 /* ParseTwitterUtils.framework in Frameworks */ = {isa = PBXBuildFile; fileRef = A4B19AAD1B7FB333009DE5D6 /* ParseTwitterUtils.framework */; };
		A4B19ABB1B7FB333009DE5D6 /* ParseUI.framework in Frameworks */ = {isa = PBXBuildFile; fileRef = A4B19AAE1B7FB333009DE5D6 /* ParseUI.framework */; };
		A4B19ABC1B7FB333009DE5D6 /* ParseUI.framework in Frameworks */ = {isa = PBXBuildFile; fileRef = A4B19AAE1B7FB333009DE5D6 /* ParseUI.framework */; };
		A4B19DDE1B7FC09A009DE5D6 /* splash.png in Resources */ = {isa = PBXBuildFile; fileRef = A4B19DDD1B7FC09A009DE5D6 /* splash.png */; };
		A4B19DDF1B7FC09A009DE5D6 /* splash.png in Resources */ = {isa = PBXBuildFile; fileRef = A4B19DDD1B7FC09A009DE5D6 /* splash.png */; };
		A4B19DE41B7FC23D009DE5D6 /* tut-01.png in Resources */ = {isa = PBXBuildFile; fileRef = A4B19DE01B7FC23D009DE5D6 /* tut-01.png */; };
		A4B19DE51B7FC23D009DE5D6 /* tut-01.png in Resources */ = {isa = PBXBuildFile; fileRef = A4B19DE01B7FC23D009DE5D6 /* tut-01.png */; };
		A4B19DE61B7FC23D009DE5D6 /* tut-02.png in Resources */ = {isa = PBXBuildFile; fileRef = A4B19DE11B7FC23D009DE5D6 /* tut-02.png */; };
		A4B19DE71B7FC23D009DE5D6 /* tut-02.png in Resources */ = {isa = PBXBuildFile; fileRef = A4B19DE11B7FC23D009DE5D6 /* tut-02.png */; };
		A4B19DE81B7FC23D009DE5D6 /* tut-03.png in Resources */ = {isa = PBXBuildFile; fileRef = A4B19DE21B7FC23D009DE5D6 /* tut-03.png */; };
		A4B19DE91B7FC23D009DE5D6 /* tut-03.png in Resources */ = {isa = PBXBuildFile; fileRef = A4B19DE21B7FC23D009DE5D6 /* tut-03.png */; };
		A4B19DEA1B7FC23D009DE5D6 /* tut-04.png in Resources */ = {isa = PBXBuildFile; fileRef = A4B19DE31B7FC23D009DE5D6 /* tut-04.png */; };
		A4B19DEB1B7FC23D009DE5D6 /* tut-04.png in Resources */ = {isa = PBXBuildFile; fileRef = A4B19DE31B7FC23D009DE5D6 /* tut-04.png */; };
		A4B19DEE1B7FC967009DE5D6 /* PageContentViewController.m in Sources */ = {isa = PBXBuildFile; fileRef = A4B19DED1B7FC967009DE5D6 /* PageContentViewController.m */; };
		A4B19DEF1B7FC967009DE5D6 /* PageContentViewController.m in Sources */ = {isa = PBXBuildFile; fileRef = A4B19DED1B7FC967009DE5D6 /* PageContentViewController.m */; };
		A4B19DF11B7FDDF2009DE5D6 /* Menu-Reference.png in Resources */ = {isa = PBXBuildFile; fileRef = A4B19DF01B7FDDF2009DE5D6 /* Menu-Reference.png */; };
		A4B19DF21B7FDDF2009DE5D6 /* Menu-Reference.png in Resources */ = {isa = PBXBuildFile; fileRef = A4B19DF01B7FDDF2009DE5D6 /* Menu-Reference.png */; };
		A4B19DF41B7FDE5F009DE5D6 /* ride.png in Resources */ = {isa = PBXBuildFile; fileRef = A4B19DF31B7FDE5F009DE5D6 /* ride.png */; };
		A4B19DF51B7FDE5F009DE5D6 /* ride.png in Resources */ = {isa = PBXBuildFile; fileRef = A4B19DF31B7FDE5F009DE5D6 /* ride.png */; };
		A4B19DF71B7FDF2A009DE5D6 /* safety.png in Resources */ = {isa = PBXBuildFile; fileRef = A4B19DF61B7FDF2A009DE5D6 /* safety.png */; };
		A4B19DF81B7FDF2A009DE5D6 /* safety.png in Resources */ = {isa = PBXBuildFile; fileRef = A4B19DF61B7FDF2A009DE5D6 /* safety.png */; };
		A4B19DFA1B7FDFB7009DE5D6 /* settings.png in Resources */ = {isa = PBXBuildFile; fileRef = A4B19DF91B7FDFB7009DE5D6 /* settings.png */; };
		A4B19DFB1B7FDFB7009DE5D6 /* settings.png in Resources */ = {isa = PBXBuildFile; fileRef = A4B19DF91B7FDFB7009DE5D6 /* settings.png */; };
		A4B19DFD1B7FDFCF009DE5D6 /* challenge.png in Resources */ = {isa = PBXBuildFile; fileRef = A4B19DFC1B7FDFCF009DE5D6 /* challenge.png */; };
		A4B19DFE1B7FDFCF009DE5D6 /* challenge.png in Resources */ = {isa = PBXBuildFile; fileRef = A4B19DFC1B7FDFCF009DE5D6 /* challenge.png */; };
		A4B19E011B7FE0F5009DE5D6 /* MenuViewController.m in Sources */ = {isa = PBXBuildFile; fileRef = A4B19E001B7FE0F5009DE5D6 /* MenuViewController.m */; };
		A4B19E021B7FE0F5009DE5D6 /* MenuViewController.m in Sources */ = {isa = PBXBuildFile; fileRef = A4B19E001B7FE0F5009DE5D6 /* MenuViewController.m */; };
		A4B19E041B7FE16E009DE5D6 /* ride-tap.png in Resources */ = {isa = PBXBuildFile; fileRef = A4B19E031B7FE16E009DE5D6 /* ride-tap.png */; };
		A4B19E051B7FE16E009DE5D6 /* ride-tap.png in Resources */ = {isa = PBXBuildFile; fileRef = A4B19E031B7FE16E009DE5D6 /* ride-tap.png */; };
		A4B19E071B7FE36C009DE5D6 /* Begin.png in Resources */ = {isa = PBXBuildFile; fileRef = A4B19E061B7FE36C009DE5D6 /* Begin.png */; };
		A4B19E081B7FE36C009DE5D6 /* Begin.png in Resources */ = {isa = PBXBuildFile; fileRef = A4B19E061B7FE36C009DE5D6 /* Begin.png */; };
		A4B19E0A1B7FE453009DE5D6 /* Challenge.jpg in Resources */ = {isa = PBXBuildFile; fileRef = A4B19E091B7FE453009DE5D6 /* Challenge.jpg */; };
		A4B19E0B1B7FE453009DE5D6 /* Challenge.jpg in Resources */ = {isa = PBXBuildFile; fileRef = A4B19E091B7FE453009DE5D6 /* Challenge.jpg */; };
		A4B19E0D1B7FE5E3009DE5D6 /* pin.png in Resources */ = {isa = PBXBuildFile; fileRef = A4B19E0C1B7FE5E3009DE5D6 /* pin.png */; };
		A4B19E0E1B7FE5E3009DE5D6 /* pin.png in Resources */ = {isa = PBXBuildFile; fileRef = A4B19E0C1B7FE5E3009DE5D6 /* pin.png */; };
/* End PBXBuildFile section */

/* Begin PBXContainerItemProxy section */
		A48597A51B7F0C37009D5822 /* PBXContainerItemProxy */ = {
			isa = PBXContainerItemProxy;
			containerPortal = A48597831B7F0C37009D5822 /* Project object */;
			proxyType = 1;
			remoteGlobalIDString = A485978A1B7F0C37009D5822;
			remoteInfo = HackThePlanet;
		};
/* End PBXContainerItemProxy section */

/* Begin PBXFileReference section */
		55A35A551B80969100A187CE /* splash.jpg */ = {isa = PBXFileReference; lastKnownFileType = image.jpeg; path = splash.jpg; sourceTree = "<group>"; };
		55A35A691B80BF0400A187CE /* AppDelegate.m.orig */ = {isa = PBXFileReference; fileEncoding = 4; lastKnownFileType = text; name = AppDelegate.m.orig; path = HackThePlanet/AppDelegate.m.orig; sourceTree = "<group>"; };
		55A35A6A1B80BF0400A187CE /* SparkCoreConnector.h */ = {isa = PBXFileReference; fileEncoding = 4; lastKnownFileType = sourcecode.c.h; name = SparkCoreConnector.h; path = HackThePlanet/SparkCoreConnector.h; sourceTree = "<group>"; };
		55A35A6B1B80BF0400A187CE /* SparkCoreConnector.m */ = {isa = PBXFileReference; fileEncoding = 4; lastKnownFileType = sourcecode.c.objc; name = SparkCoreConnector.m; path = HackThePlanet/SparkCoreConnector.m; sourceTree = "<group>"; };
		55A35A6C1B80BF0400A187CE /* SparkTransaction.h */ = {isa = PBXFileReference; fileEncoding = 4; lastKnownFileType = sourcecode.c.h; name = SparkTransaction.h; path = HackThePlanet/SparkTransaction.h; sourceTree = "<group>"; };
		55A35A6D1B80BF0400A187CE /* SparkTransaction.m */ = {isa = PBXFileReference; fileEncoding = 4; lastKnownFileType = sourcecode.c.objc; name = SparkTransaction.m; path = HackThePlanet/SparkTransaction.m; sourceTree = "<group>"; };
		55A35A6E1B80BF0400A187CE /* SparkTransactionGet.h */ = {isa = PBXFileReference; fileEncoding = 4; lastKnownFileType = sourcecode.c.h; name = SparkTransactionGet.h; path = HackThePlanet/SparkTransactionGet.h; sourceTree = "<group>"; };
		55A35A6F1B80BF0400A187CE /* SparkTransactionGet.m */ = {isa = PBXFileReference; fileEncoding = 4; lastKnownFileType = sourcecode.c.objc; name = SparkTransactionGet.m; path = HackThePlanet/SparkTransactionGet.m; sourceTree = "<group>"; };
		55A35A701B80BF0400A187CE /* SparkTransactionPost.h */ = {isa = PBXFileReference; fileEncoding = 4; lastKnownFileType = sourcecode.c.h; name = SparkTransactionPost.h; path = HackThePlanet/SparkTransactionPost.h; sourceTree = "<group>"; };
		55A35A711B80BF0400A187CE /* SparkTransactionPost.m */ = {isa = PBXFileReference; fileEncoding = 4; lastKnownFileType = sourcecode.c.objc; name = SparkTransactionPost.m; path = HackThePlanet/SparkTransactionPost.m; sourceTree = "<group>"; };
		55FE90EF1B7F12320098B943 /* AudioToolbox.framework */ = {isa = PBXFileReference; lastKnownFileType = wrapper.framework; name = AudioToolbox.framework; path = System/Library/Frameworks/AudioToolbox.framework; sourceTree = SDKROOT; };
		55FE90F11B7F12380098B943 /* CFNetwork.framework */ = {isa = PBXFileReference; lastKnownFileType = wrapper.framework; name = CFNetwork.framework; path = System/Library/Frameworks/CFNetwork.framework; sourceTree = SDKROOT; };
		55FE90F31B7F12540098B943 /* QuartzCore.framework */ = {isa = PBXFileReference; lastKnownFileType = wrapper.framework; name = QuartzCore.framework; path = System/Library/Frameworks/QuartzCore.framework; sourceTree = SDKROOT; };
		55FE90F51B7F125F0098B943 /* Security.framework */ = {isa = PBXFileReference; lastKnownFileType = wrapper.framework; name = Security.framework; path = System/Library/Frameworks/Security.framework; sourceTree = SDKROOT; };
		55FE90F71B7F126A0098B943 /* StoreKit.framework */ = {isa = PBXFileReference; lastKnownFileType = wrapper.framework; name = StoreKit.framework; path = System/Library/Frameworks/StoreKit.framework; sourceTree = SDKROOT; };
		55FE90F91B7F12780098B943 /* SystemConfiguration.framework */ = {isa = PBXFileReference; lastKnownFileType = wrapper.framework; name = SystemConfiguration.framework; path = System/Library/Frameworks/SystemConfiguration.framework; sourceTree = SDKROOT; };
		55FE90FB1B7F12960098B943 /* libz.dylib */ = {isa = PBXFileReference; lastKnownFileType = "compiled.mach-o.dylib"; name = libz.dylib; path = usr/lib/libz.dylib; sourceTree = SDKROOT; };
		55FE90FD1B7F12A80098B943 /* libsqlite3.dylib */ = {isa = PBXFileReference; lastKnownFileType = "compiled.mach-o.dylib"; name = libsqlite3.dylib; path = usr/lib/libsqlite3.dylib; sourceTree = SDKROOT; };
		55FE90FF1B7F12B60098B943 /* Accounts.framework */ = {isa = PBXFileReference; lastKnownFileType = wrapper.framework; name = Accounts.framework; path = System/Library/Frameworks/Accounts.framework; sourceTree = SDKROOT; };
		55FE91011B7F12C20098B943 /* Social.framework */ = {isa = PBXFileReference; lastKnownFileType = wrapper.framework; name = Social.framework; path = System/Library/Frameworks/Social.framework; sourceTree = SDKROOT; };
		55FE91091B7F2E6E0098B943 /* Facebook.plist */ = {isa = PBXFileReference; fileEncoding = 4; lastKnownFileType = text.plist.xml; path = Facebook.plist; sourceTree = "<group>"; };
		A4107F891B7FED260022A4FC /* back.png */ = {isa = PBXFileReference; lastKnownFileType = image.png; path = back.png; sourceTree = "<group>"; };
		A4107F8B1B8001450022A4FC /* _kiss_fft_guts.h */ = {isa = PBXFileReference; fileEncoding = 4; lastKnownFileType = sourcecode.c.h; path = _kiss_fft_guts.h; sourceTree = "<group>"; };
		A4107F8C1B8001450022A4FC /* kiss_fft.c */ = {isa = PBXFileReference; fileEncoding = 4; lastKnownFileType = sourcecode.c.c; path = kiss_fft.c; sourceTree = "<group>"; };
		A4107F8D1B8001450022A4FC /* kiss_fft.h */ = {isa = PBXFileReference; fileEncoding = 4; lastKnownFileType = sourcecode.c.h; path = kiss_fft.h; sourceTree = "<group>"; };
		A4107F8F1B8019810022A4FC /* Settings.jpg */ = {isa = PBXFileReference; lastKnownFileType = image.jpeg; path = Settings.jpg; sourceTree = "<group>"; };
		A4107F911B80198A0022A4FC /* Safety.jpg */ = {isa = PBXFileReference; lastKnownFileType = image.jpeg; path = Safety.jpg; sourceTree = "<group>"; };
		A4107F931B8030060022A4FC /* start.png */ = {isa = PBXFileReference; lastKnownFileType = image.png; path = start.png; sourceTree = "<group>"; };
		A4107F951B803CF10022A4FC /* popup.png */ = {isa = PBXFileReference; lastKnownFileType = image.png; path = popup.png; sourceTree = "<group>"; };
		A485978B1B7F0C37009D5822 /* HackThePlanet.app */ = {isa = PBXFileReference; explicitFileType = wrapper.application; includeInIndex = 0; path = HackThePlanet.app; sourceTree = BUILT_PRODUCTS_DIR; };
		A485978F1B7F0C37009D5822 /* Info.plist */ = {isa = PBXFileReference; lastKnownFileType = text.plist.xml; path = Info.plist; sourceTree = "<group>"; };
		A48597901B7F0C37009D5822 /* main.m */ = {isa = PBXFileReference; lastKnownFileType = sourcecode.c.objc; path = main.m; sourceTree = "<group>"; };
		A48597921B7F0C37009D5822 /* AppDelegate.h */ = {isa = PBXFileReference; lastKnownFileType = sourcecode.c.h; path = AppDelegate.h; sourceTree = "<group>"; };
		A48597931B7F0C37009D5822 /* AppDelegate.m */ = {isa = PBXFileReference; lastKnownFileType = sourcecode.c.objc; path = AppDelegate.m; sourceTree = "<group>"; };
		A48597951B7F0C37009D5822 /* ViewController.h */ = {isa = PBXFileReference; lastKnownFileType = sourcecode.c.h; path = ViewController.h; sourceTree = "<group>"; };
		A48597961B7F0C37009D5822 /* ViewController.m */ = {isa = PBXFileReference; lastKnownFileType = sourcecode.c.objc; path = ViewController.m; sourceTree = "<group>"; };
		A48597991B7F0C37009D5822 /* Base */ = {isa = PBXFileReference; lastKnownFileType = file.storyboard; name = Base; path = Base.lproj/Main.storyboard; sourceTree = "<group>"; };
		A485979B1B7F0C37009D5822 /* Images.xcassets */ = {isa = PBXFileReference; lastKnownFileType = folder.assetcatalog; path = Images.xcassets; sourceTree = "<group>"; };
		A485979E1B7F0C37009D5822 /* Base */ = {isa = PBXFileReference; lastKnownFileType = file.xib; name = Base; path = Base.lproj/LaunchScreen.xib; sourceTree = "<group>"; };
		A48597A41B7F0C37009D5822 /* HackThePlanetTests.xctest */ = {isa = PBXFileReference; explicitFileType = wrapper.cfbundle; includeInIndex = 0; path = HackThePlanetTests.xctest; sourceTree = BUILT_PRODUCTS_DIR; };
		A48597A91B7F0C37009D5822 /* Info.plist */ = {isa = PBXFileReference; lastKnownFileType = text.plist.xml; path = Info.plist; sourceTree = "<group>"; };
		A48597AA1B7F0C37009D5822 /* HackThePlanetTests.m */ = {isa = PBXFileReference; lastKnownFileType = sourcecode.c.objc; path = HackThePlanetTests.m; sourceTree = "<group>"; };
		A48597B41B7F0C44009D5822 /* UIKit.framework */ = {isa = PBXFileReference; lastKnownFileType = wrapper.framework; name = UIKit.framework; path = System/Library/Frameworks/UIKit.framework; sourceTree = SDKROOT; };
		A48597B61B7F0C49009D5822 /* CoreLocation.framework */ = {isa = PBXFileReference; lastKnownFileType = wrapper.framework; name = CoreLocation.framework; path = System/Library/Frameworks/CoreLocation.framework; sourceTree = SDKROOT; };
		A48597B81B7F0C59009D5822 /* LoginViewController.h */ = {isa = PBXFileReference; fileEncoding = 4; lastKnownFileType = sourcecode.c.h; path = LoginViewController.h; sourceTree = "<group>"; };
		A48597B91B7F0C59009D5822 /* LoginViewController.m */ = {isa = PBXFileReference; fileEncoding = 4; lastKnownFileType = sourcecode.c.objc; path = LoginViewController.m; sourceTree = "<group>"; };
		A48597BB1B7F0D97009D5822 /* MapKit.framework */ = {isa = PBXFileReference; lastKnownFileType = wrapper.framework; name = MapKit.framework; path = System/Library/Frameworks/MapKit.framework; sourceTree = SDKROOT; };
		A48597BD1B7F0DA2009D5822 /* CoreGraphics.framework */ = {isa = PBXFileReference; lastKnownFileType = wrapper.framework; name = CoreGraphics.framework; path = System/Library/Frameworks/CoreGraphics.framework; sourceTree = SDKROOT; };
		A4A2512D1B7F241900EC57BA /* AddFriendViewController.h */ = {isa = PBXFileReference; fileEncoding = 4; lastKnownFileType = sourcecode.c.h; path = AddFriendViewController.h; sourceTree = "<group>"; };
		A4A2512E1B7F241900EC57BA /* AddFriendViewController.m */ = {isa = PBXFileReference; fileEncoding = 4; lastKnownFileType = sourcecode.c.objc; path = AddFriendViewController.m; sourceTree = "<group>"; };
		A4B19AA81B7FB333009DE5D6 /* Bolts.framework */ = {isa = PBXFileReference; lastKnownFileType = wrapper.framework; path = Bolts.framework; sourceTree = "<group>"; };
		A4B19AA91B7FB333009DE5D6 /* Parse.framework */ = {isa = PBXFileReference; lastKnownFileType = wrapper.framework; path = Parse.framework; sourceTree = "<group>"; };
		A4B19AAA1B7FB333009DE5D6 /* ParseCrashReporting.framework */ = {isa = PBXFileReference; lastKnownFileType = wrapper.framework; path = ParseCrashReporting.framework; sourceTree = "<group>"; };
		A4B19AAB1B7FB333009DE5D6 /* ParseFacebookUtils.framework */ = {isa = PBXFileReference; lastKnownFileType = wrapper.framework; path = ParseFacebookUtils.framework; sourceTree = "<group>"; };
		A4B19AAC1B7FB333009DE5D6 /* ParseFacebookUtilsV4.framework */ = {isa = PBXFileReference; lastKnownFileType = wrapper.framework; path = ParseFacebookUtilsV4.framework; sourceTree = "<group>"; };
		A4B19AAD1B7FB333009DE5D6 /* ParseTwitterUtils.framework */ = {isa = PBXFileReference; lastKnownFileType = wrapper.framework; path = ParseTwitterUtils.framework; sourceTree = "<group>"; };
		A4B19AAE1B7FB333009DE5D6 /* ParseUI.framework */ = {isa = PBXFileReference; lastKnownFileType = wrapper.framework; path = ParseUI.framework; sourceTree = "<group>"; };
		A4B19DDD1B7FC09A009DE5D6 /* splash.png */ = {isa = PBXFileReference; lastKnownFileType = image.png; path = splash.png; sourceTree = "<group>"; };
		A4B19DE01B7FC23D009DE5D6 /* tut-01.png */ = {isa = PBXFileReference; lastKnownFileType = image.png; path = "tut-01.png"; sourceTree = "<group>"; };
		A4B19DE11B7FC23D009DE5D6 /* tut-02.png */ = {isa = PBXFileReference; lastKnownFileType = image.png; path = "tut-02.png"; sourceTree = "<group>"; };
		A4B19DE21B7FC23D009DE5D6 /* tut-03.png */ = {isa = PBXFileReference; lastKnownFileType = image.png; path = "tut-03.png"; sourceTree = "<group>"; };
		A4B19DE31B7FC23D009DE5D6 /* tut-04.png */ = {isa = PBXFileReference; lastKnownFileType = image.png; path = "tut-04.png"; sourceTree = "<group>"; };
		A4B19DEC1B7FC967009DE5D6 /* PageContentViewController.h */ = {isa = PBXFileReference; fileEncoding = 4; lastKnownFileType = sourcecode.c.h; path = PageContentViewController.h; sourceTree = "<group>"; };
		A4B19DED1B7FC967009DE5D6 /* PageContentViewController.m */ = {isa = PBXFileReference; fileEncoding = 4; lastKnownFileType = sourcecode.c.objc; path = PageContentViewController.m; sourceTree = "<group>"; };
		A4B19DF01B7FDDF2009DE5D6 /* Menu-Reference.png */ = {isa = PBXFileReference; lastKnownFileType = image.png; path = "Menu-Reference.png"; sourceTree = "<group>"; };
		A4B19DF31B7FDE5F009DE5D6 /* ride.png */ = {isa = PBXFileReference; lastKnownFileType = image.png; path = ride.png; sourceTree = "<group>"; };
		A4B19DF61B7FDF2A009DE5D6 /* safety.png */ = {isa = PBXFileReference; lastKnownFileType = image.png; path = safety.png; sourceTree = "<group>"; };
		A4B19DF91B7FDFB7009DE5D6 /* settings.png */ = {isa = PBXFileReference; lastKnownFileType = image.png; path = settings.png; sourceTree = "<group>"; };
		A4B19DFC1B7FDFCF009DE5D6 /* challenge.png */ = {isa = PBXFileReference; lastKnownFileType = image.png; path = challenge.png; sourceTree = "<group>"; };
		A4B19DFF1B7FE0F5009DE5D6 /* MenuViewController.h */ = {isa = PBXFileReference; fileEncoding = 4; lastKnownFileType = sourcecode.c.h; path = MenuViewController.h; sourceTree = "<group>"; };
		A4B19E001B7FE0F5009DE5D6 /* MenuViewController.m */ = {isa = PBXFileReference; fileEncoding = 4; lastKnownFileType = sourcecode.c.objc; path = MenuViewController.m; sourceTree = "<group>"; };
		A4B19E031B7FE16E009DE5D6 /* ride-tap.png */ = {isa = PBXFileReference; lastKnownFileType = image.png; path = "ride-tap.png"; sourceTree = "<group>"; };
		A4B19E061B7FE36C009DE5D6 /* Begin.png */ = {isa = PBXFileReference; lastKnownFileType = image.png; path = Begin.png; sourceTree = "<group>"; };
		A4B19E091B7FE453009DE5D6 /* Challenge.jpg */ = {isa = PBXFileReference; lastKnownFileType = image.jpeg; path = Challenge.jpg; sourceTree = "<group>"; };
		A4B19E0C1B7FE5E3009DE5D6 /* pin.png */ = {isa = PBXFileReference; lastKnownFileType = image.png; path = pin.png; sourceTree = "<group>"; };
/* End PBXFileReference section */

/* Begin PBXFrameworksBuildPhase section */
		A48597881B7F0C37009D5822 /* Frameworks */ = {
			isa = PBXFrameworksBuildPhase;
			buildActionMask = 2147483647;
			files = (
				A4B19AAF1B7FB333009DE5D6 /* Bolts.framework in Frameworks */,
				55FE90F01B7F12320098B943 /* AudioToolbox.framework in Frameworks */,
				A4B19AB71B7FB333009DE5D6 /* ParseFacebookUtilsV4.framework in Frameworks */,
				A4B19AB51B7FB333009DE5D6 /* ParseFacebookUtils.framework in Frameworks */,
				55FE90F21B7F12380098B943 /* CFNetwork.framework in Frameworks */,
				A4B19AB31B7FB333009DE5D6 /* ParseCrashReporting.framework in Frameworks */,
				A48597BE1B7F0DA2009D5822 /* CoreGraphics.framework in Frameworks */,
				A48597B71B7F0C49009D5822 /* CoreLocation.framework in Frameworks */,
				55FE90F41B7F12540098B943 /* QuartzCore.framework in Frameworks */,
				A4B19ABB1B7FB333009DE5D6 /* ParseUI.framework in Frameworks */,
				A4B19AB11B7FB333009DE5D6 /* Parse.framework in Frameworks */,
				55FE90F61B7F125F0098B943 /* Security.framework in Frameworks */,
				55FE90F81B7F126A0098B943 /* StoreKit.framework in Frameworks */,
				55FE90FA1B7F12780098B943 /* SystemConfiguration.framework in Frameworks */,
				55FE90FC1B7F12960098B943 /* libz.dylib in Frameworks */,
				A4B19AB91B7FB333009DE5D6 /* ParseTwitterUtils.framework in Frameworks */,
				55FE90FE1B7F12A80098B943 /* libsqlite3.dylib in Frameworks */,
				55FE91001B7F12B60098B943 /* Accounts.framework in Frameworks */,
				55FE91021B7F12C20098B943 /* Social.framework in Frameworks */,
				A48597BC1B7F0D97009D5822 /* MapKit.framework in Frameworks */,
				A48597B51B7F0C44009D5822 /* UIKit.framework in Frameworks */,
			);
			runOnlyForDeploymentPostprocessing = 0;
		};
		A48597A11B7F0C37009D5822 /* Frameworks */ = {
			isa = PBXFrameworksBuildPhase;
			buildActionMask = 2147483647;
			files = (
				A4B19AB21B7FB333009DE5D6 /* Parse.framework in Frameworks */,
				A4B19AB41B7FB333009DE5D6 /* ParseCrashReporting.framework in Frameworks */,
				A4B19ABC1B7FB333009DE5D6 /* ParseUI.framework in Frameworks */,
				A4B19AB61B7FB333009DE5D6 /* ParseFacebookUtils.framework in Frameworks */,
				A4B19AB01B7FB333009DE5D6 /* Bolts.framework in Frameworks */,
				A4B19ABA1B7FB333009DE5D6 /* ParseTwitterUtils.framework in Frameworks */,
				A4B19AB81B7FB333009DE5D6 /* ParseFacebookUtilsV4.framework in Frameworks */,
			);
			runOnlyForDeploymentPostprocessing = 0;
		};
/* End PBXFrameworksBuildPhase section */

/* Begin PBXGroup section */
		55A35A591B80BE1500A187CE /* SparkCore */ = {
			isa = PBXGroup;
			children = (
			);
			name = SparkCore;
			sourceTree = "<group>";
		};
		55FE910C1B7F30AF0098B943 /* Frameworks */ = {
			isa = PBXGroup;
			children = (
				A4B19AA81B7FB333009DE5D6 /* Bolts.framework */,
				A4B19AA91B7FB333009DE5D6 /* Parse.framework */,
				A4B19AAA1B7FB333009DE5D6 /* ParseCrashReporting.framework */,
				A4B19AAB1B7FB333009DE5D6 /* ParseFacebookUtils.framework */,
				A4B19AAC1B7FB333009DE5D6 /* ParseFacebookUtilsV4.framework */,
				A4B19AAD1B7FB333009DE5D6 /* ParseTwitterUtils.framework */,
				A4B19AAE1B7FB333009DE5D6 /* ParseUI.framework */,
				55FE91011B7F12C20098B943 /* Social.framework */,
				55FE90FF1B7F12B60098B943 /* Accounts.framework */,
				55FE90F91B7F12780098B943 /* SystemConfiguration.framework */,
				55FE90F71B7F126A0098B943 /* StoreKit.framework */,
				55FE90F51B7F125F0098B943 /* Security.framework */,
				55FE90F31B7F12540098B943 /* QuartzCore.framework */,
				55FE90F11B7F12380098B943 /* CFNetwork.framework */,
				55FE90EF1B7F12320098B943 /* AudioToolbox.framework */,
				A48597BD1B7F0DA2009D5822 /* CoreGraphics.framework */,
				A48597BB1B7F0D97009D5822 /* MapKit.framework */,
				A48597B61B7F0C49009D5822 /* CoreLocation.framework */,
				A48597B41B7F0C44009D5822 /* UIKit.framework */,
			);
			name = Frameworks;
			sourceTree = "<group>";
		};
		A48597821B7F0C37009D5822 = {
			isa = PBXGroup;
			children = (
				55A35A691B80BF0400A187CE /* AppDelegate.m.orig */,
				55A35A6A1B80BF0400A187CE /* SparkCoreConnector.h */,
				55A35A6B1B80BF0400A187CE /* SparkCoreConnector.m */,
				55A35A6C1B80BF0400A187CE /* SparkTransaction.h */,
				55A35A6D1B80BF0400A187CE /* SparkTransaction.m */,
				55A35A6E1B80BF0400A187CE /* SparkTransactionGet.h */,
				55A35A6F1B80BF0400A187CE /* SparkTransactionGet.m */,
				55A35A701B80BF0400A187CE /* SparkTransactionPost.h */,
				55A35A711B80BF0400A187CE /* SparkTransactionPost.m */,
				55FE91091B7F2E6E0098B943 /* Facebook.plist */,
				55FE910C1B7F30AF0098B943 /* Frameworks */,
				55FE90FD1B7F12A80098B943 /* libsqlite3.dylib */,
				55FE90FB1B7F12960098B943 /* libz.dylib */,
				A485978D1B7F0C37009D5822 /* HackThePlanet */,
				A48597A71B7F0C37009D5822 /* HackThePlanetTests */,
				A485978C1B7F0C37009D5822 /* Products */,
			);
			sourceTree = "<group>";
		};
		A485978C1B7F0C37009D5822 /* Products */ = {
			isa = PBXGroup;
			children = (
				A485978B1B7F0C37009D5822 /* HackThePlanet.app */,
				A48597A41B7F0C37009D5822 /* HackThePlanetTests.xctest */,
			);
			name = Products;
			sourceTree = "<group>";
		};
		A485978D1B7F0C37009D5822 /* HackThePlanet */ = {
			isa = PBXGroup;
			children = (
				55A35A591B80BE1500A187CE /* SparkCore */,
				A4B19DDC1B7FC07F009DE5D6 /* images */,
				A4A2512D1B7F241900EC57BA /* AddFriendViewController.h */,
				A4A2512E1B7F241900EC57BA /* AddFriendViewController.m */,
				A4107F8B1B8001450022A4FC /* _kiss_fft_guts.h */,
				A4107F8C1B8001450022A4FC /* kiss_fft.c */,
				A4107F8D1B8001450022A4FC /* kiss_fft.h */,
				A48597921B7F0C37009D5822 /* AppDelegate.h */,
				A48597931B7F0C37009D5822 /* AppDelegate.m */,
				A48597B81B7F0C59009D5822 /* LoginViewController.h */,
				A48597B91B7F0C59009D5822 /* LoginViewController.m */,
				A48597951B7F0C37009D5822 /* ViewController.h */,
				A48597961B7F0C37009D5822 /* ViewController.m */,
				A48597981B7F0C37009D5822 /* Main.storyboard */,
				A4B19DFF1B7FE0F5009DE5D6 /* MenuViewController.h */,
				A4B19E001B7FE0F5009DE5D6 /* MenuViewController.m */,
				A4B19DEC1B7FC967009DE5D6 /* PageContentViewController.h */,
				A4B19DED1B7FC967009DE5D6 /* PageContentViewController.m */,
				A485979B1B7F0C37009D5822 /* Images.xcassets */,
				A485979D1B7F0C37009D5822 /* LaunchScreen.xib */,
				A485978E1B7F0C37009D5822 /* Supporting Files */,
			);
			path = HackThePlanet;
			sourceTree = "<group>";
		};
		A485978E1B7F0C37009D5822 /* Supporting Files */ = {
			isa = PBXGroup;
			children = (
				A485978F1B7F0C37009D5822 /* Info.plist */,
				A48597901B7F0C37009D5822 /* main.m */,
			);
			name = "Supporting Files";
			sourceTree = "<group>";
		};
		A48597A71B7F0C37009D5822 /* HackThePlanetTests */ = {
			isa = PBXGroup;
			children = (
				A48597AA1B7F0C37009D5822 /* HackThePlanetTests.m */,
				A48597A81B7F0C37009D5822 /* Supporting Files */,
			);
			path = HackThePlanetTests;
			sourceTree = "<group>";
		};
		A48597A81B7F0C37009D5822 /* Supporting Files */ = {
			isa = PBXGroup;
			children = (
				A48597A91B7F0C37009D5822 /* Info.plist */,
			);
			name = "Supporting Files";
			sourceTree = "<group>";
		};
		A4B19DDC1B7FC07F009DE5D6 /* images */ = {
			isa = PBXGroup;
			children = (
				55A35A551B80969100A187CE /* splash.jpg */,
				A4107F951B803CF10022A4FC /* popup.png */,
				A4107F931B8030060022A4FC /* start.png */,
				A4107F911B80198A0022A4FC /* Safety.jpg */,
				A4107F8F1B8019810022A4FC /* Settings.jpg */,
				A4107F891B7FED260022A4FC /* back.png */,
				A4B19E0C1B7FE5E3009DE5D6 /* pin.png */,
				A4B19E061B7FE36C009DE5D6 /* Begin.png */,
				A4B19DE01B7FC23D009DE5D6 /* tut-01.png */,
				A4B19DE11B7FC23D009DE5D6 /* tut-02.png */,
				A4B19DE21B7FC23D009DE5D6 /* tut-03.png */,
				A4B19DE31B7FC23D009DE5D6 /* tut-04.png */,
				A4B19DF01B7FDDF2009DE5D6 /* Menu-Reference.png */,
				A4B19DDD1B7FC09A009DE5D6 /* splash.png */,
				A4B19DF31B7FDE5F009DE5D6 /* ride.png */,
				A4B19E031B7FE16E009DE5D6 /* ride-tap.png */,
				A4B19DF61B7FDF2A009DE5D6 /* safety.png */,
				A4B19DFC1B7FDFCF009DE5D6 /* challenge.png */,
				A4B19DF91B7FDFB7009DE5D6 /* settings.png */,
				A4B19E091B7FE453009DE5D6 /* Challenge.jpg */,
			);
			name = images;
			sourceTree = "<group>";
		};
/* End PBXGroup section */

/* Begin PBXNativeTarget section */
		A485978A1B7F0C37009D5822 /* HackThePlanet */ = {
			isa = PBXNativeTarget;
			buildConfigurationList = A48597AE1B7F0C37009D5822 /* Build configuration list for PBXNativeTarget "HackThePlanet" */;
			buildPhases = (
				A48597871B7F0C37009D5822 /* Sources */,
				A48597881B7F0C37009D5822 /* Frameworks */,
				A48597891B7F0C37009D5822 /* Resources */,
			);
			buildRules = (
			);
			dependencies = (
			);
			name = HackThePlanet;
			productName = HackThePlanet;
			productReference = A485978B1B7F0C37009D5822 /* HackThePlanet.app */;
			productType = "com.apple.product-type.application";
		};
		A48597A31B7F0C37009D5822 /* HackThePlanetTests */ = {
			isa = PBXNativeTarget;
			buildConfigurationList = A48597B11B7F0C37009D5822 /* Build configuration list for PBXNativeTarget "HackThePlanetTests" */;
			buildPhases = (
				A48597A01B7F0C37009D5822 /* Sources */,
				A48597A11B7F0C37009D5822 /* Frameworks */,
				A48597A21B7F0C37009D5822 /* Resources */,
			);
			buildRules = (
			);
			dependencies = (
				A48597A61B7F0C37009D5822 /* PBXTargetDependency */,
			);
			name = HackThePlanetTests;
			productName = HackThePlanetTests;
			productReference = A48597A41B7F0C37009D5822 /* HackThePlanetTests.xctest */;
			productType = "com.apple.product-type.bundle.unit-test";
		};
/* End PBXNativeTarget section */

/* Begin PBXProject section */
		A48597831B7F0C37009D5822 /* Project object */ = {
			isa = PBXProject;
			attributes = {
				LastUpgradeCheck = 0620;
				ORGANIZATIONNAME = MLH_Team;
				TargetAttributes = {
					A485978A1B7F0C37009D5822 = {
						CreatedOnToolsVersion = 6.2;
						DevelopmentTeam = 53FPNQK53L;
					};
					A48597A31B7F0C37009D5822 = {
						CreatedOnToolsVersion = 6.2;
						TestTargetID = A485978A1B7F0C37009D5822;
					};
				};
			};
			buildConfigurationList = A48597861B7F0C37009D5822 /* Build configuration list for PBXProject "HackThePlanet" */;
			compatibilityVersion = "Xcode 3.2";
			developmentRegion = English;
			hasScannedForEncodings = 0;
			knownRegions = (
				en,
				Base,
			);
			mainGroup = A48597821B7F0C37009D5822;
			productRefGroup = A485978C1B7F0C37009D5822 /* Products */;
			projectDirPath = "";
			projectRoot = "";
			targets = (
				A485978A1B7F0C37009D5822 /* HackThePlanet */,
				A48597A31B7F0C37009D5822 /* HackThePlanetTests */,
			);
		};
/* End PBXProject section */

/* Begin PBXResourcesBuildPhase section */
		A48597891B7F0C37009D5822 /* Resources */ = {
			isa = PBXResourcesBuildPhase;
			buildActionMask = 2147483647;
			files = (
				A4107F901B8019820022A4FC /* Settings.jpg in Resources */,
				A4B19E041B7FE16E009DE5D6 /* ride-tap.png in Resources */,
				A4B19E071B7FE36C009DE5D6 /* Begin.png in Resources */,
				A4B19DE41B7FC23D009DE5D6 /* tut-01.png in Resources */,
				A4B19DFD1B7FDFCF009DE5D6 /* challenge.png in Resources */,
				A4B19E0A1B7FE453009DE5D6 /* Challenge.jpg in Resources */,
				55FE910A1B7F2E6E0098B943 /* Facebook.plist in Resources */,
				A4B19DE81B7FC23D009DE5D6 /* tut-03.png in Resources */,
				A485979A1B7F0C37009D5822 /* Main.storyboard in Resources */,
				A4107F961B803CF10022A4FC /* popup.png in Resources */,
				A485979F1B7F0C37009D5822 /* LaunchScreen.xib in Resources */,
				A4B19DF41B7FDE5F009DE5D6 /* ride.png in Resources */,
				55A35A561B80969100A187CE /* splash.jpg in Resources */,
				55A35A721B80BF0400A187CE /* AppDelegate.m.orig in Resources */,
				A4B19DE61B7FC23D009DE5D6 /* tut-02.png in Resources */,
				A4B19DF11B7FDDF2009DE5D6 /* Menu-Reference.png in Resources */,
				A4107F8A1B7FED260022A4FC /* back.png in Resources */,
				A4107F941B8030060022A4FC /* start.png in Resources */,
				A4B19DEA1B7FC23D009DE5D6 /* tut-04.png in Resources */,
				A4B19DF71B7FDF2A009DE5D6 /* safety.png in Resources */,
				A4B19DFA1B7FDFB7009DE5D6 /* settings.png in Resources */,
				A4107F921B80198A0022A4FC /* Safety.jpg in Resources */,
				A4B19E0D1B7FE5E3009DE5D6 /* pin.png in Resources */,
				A485979C1B7F0C37009D5822 /* Images.xcassets in Resources */,
				A4B19DDE1B7FC09A009DE5D6 /* splash.png in Resources */,
			);
			runOnlyForDeploymentPostprocessing = 0;
		};
		A48597A21B7F0C37009D5822 /* Resources */ = {
			isa = PBXResourcesBuildPhase;
			buildActionMask = 2147483647;
			files = (
				A4B19E0B1B7FE453009DE5D6 /* Challenge.jpg in Resources */,
				A4B19DE51B7FC23D009DE5D6 /* tut-01.png in Resources */,
				A4B19E081B7FE36C009DE5D6 /* Begin.png in Resources */,
				A4B19E0E1B7FE5E3009DE5D6 /* pin.png in Resources */,
				A4B19DF81B7FDF2A009DE5D6 /* safety.png in Resources */,
				A4B19DF51B7FDE5F009DE5D6 /* ride.png in Resources */,
				A4B19DEB1B7FC23D009DE5D6 /* tut-04.png in Resources */,
				A4B19DF21B7FDDF2009DE5D6 /* Menu-Reference.png in Resources */,
				A4B19DDF1B7FC09A009DE5D6 /* splash.png in Resources */,
				A4B19DFB1B7FDFB7009DE5D6 /* settings.png in Resources */,
				A4B19DE91B7FC23D009DE5D6 /* tut-03.png in Resources */,
				A4B19E051B7FE16E009DE5D6 /* ride-tap.png in Resources */,
				A4B19DE71B7FC23D009DE5D6 /* tut-02.png in Resources */,
				A4B19DFE1B7FDFCF009DE5D6 /* challenge.png in Resources */,
			);
			runOnlyForDeploymentPostprocessing = 0;
		};
/* End PBXResourcesBuildPhase section */

/* Begin PBXSourcesBuildPhase section */
		A48597871B7F0C37009D5822 /* Sources */ = {
			isa = PBXSourcesBuildPhase;
			buildActionMask = 2147483647;
			files = (
				55A35A741B80BF0400A187CE /* SparkTransaction.m in Sources */,
				A48597BA1B7F0C59009D5822 /* LoginViewController.m in Sources */,
				A48597971B7F0C37009D5822 /* ViewController.m in Sources */,
				A48597941B7F0C37009D5822 /* AppDelegate.m in Sources */,
				A48597911B7F0C37009D5822 /* main.m in Sources */,
				A4107F8E1B8001450022A4FC /* kiss_fft.c in Sources */,
				55A35A761B80BF0400A187CE /* SparkTransactionPost.m in Sources */,
				55A35A731B80BF0400A187CE /* SparkCoreConnector.m in Sources */,
				A4B19E011B7FE0F5009DE5D6 /* MenuViewController.m in Sources */,
				55A35A751B80BF0400A187CE /* SparkTransactionGet.m in Sources */,
				A4A2512F1B7F241900EC57BA /* AddFriendViewController.m in Sources */,
				A4B19DEE1B7FC967009DE5D6 /* PageContentViewController.m in Sources */,
			);
			runOnlyForDeploymentPostprocessing = 0;
		};
		A48597A01B7F0C37009D5822 /* Sources */ = {
			isa = PBXSourcesBuildPhase;
			buildActionMask = 2147483647;
			files = (
				A48597AB1B7F0C37009D5822 /* HackThePlanetTests.m in Sources */,
				A4B19E021B7FE0F5009DE5D6 /* MenuViewController.m in Sources */,
				A4B19DEF1B7FC967009DE5D6 /* PageContentViewController.m in Sources */,
			);
			runOnlyForDeploymentPostprocessing = 0;
		};
/* End PBXSourcesBuildPhase section */

/* Begin PBXTargetDependency section */
		A48597A61B7F0C37009D5822 /* PBXTargetDependency */ = {
			isa = PBXTargetDependency;
			target = A485978A1B7F0C37009D5822 /* HackThePlanet */;
			targetProxy = A48597A51B7F0C37009D5822 /* PBXContainerItemProxy */;
		};
/* End PBXTargetDependency section */

/* Begin PBXVariantGroup section */
		A48597981B7F0C37009D5822 /* Main.storyboard */ = {
			isa = PBXVariantGroup;
			children = (
				A48597991B7F0C37009D5822 /* Base */,
			);
			name = Main.storyboard;
			sourceTree = "<group>";
		};
		A485979D1B7F0C37009D5822 /* LaunchScreen.xib */ = {
			isa = PBXVariantGroup;
			children = (
				A485979E1B7F0C37009D5822 /* Base */,
			);
			name = LaunchScreen.xib;
			sourceTree = "<group>";
		};
/* End PBXVariantGroup section */

/* Begin XCBuildConfiguration section */
		A48597AC1B7F0C37009D5822 /* Debug */ = {
			isa = XCBuildConfiguration;
			buildSettings = {
				ALWAYS_SEARCH_USER_PATHS = NO;
				CLANG_CXX_LANGUAGE_STANDARD = "gnu++0x";
				CLANG_CXX_LIBRARY = "libc++";
				CLANG_ENABLE_MODULES = YES;
				CLANG_ENABLE_OBJC_ARC = YES;
				CLANG_WARN_BOOL_CONVERSION = YES;
				CLANG_WARN_CONSTANT_CONVERSION = YES;
				CLANG_WARN_DIRECT_OBJC_ISA_USAGE = YES_ERROR;
				CLANG_WARN_EMPTY_BODY = YES;
				CLANG_WARN_ENUM_CONVERSION = YES;
				CLANG_WARN_INT_CONVERSION = YES;
				CLANG_WARN_OBJC_ROOT_CLASS = YES_ERROR;
				CLANG_WARN_UNREACHABLE_CODE = YES;
				CLANG_WARN__DUPLICATE_METHOD_MATCH = YES;
				"CODE_SIGN_IDENTITY[sdk=iphoneos*]" = "iPhone Developer";
				COPY_PHASE_STRIP = NO;
				ENABLE_STRICT_OBJC_MSGSEND = YES;
				GCC_C_LANGUAGE_STANDARD = gnu99;
				GCC_DYNAMIC_NO_PIC = NO;
				GCC_OPTIMIZATION_LEVEL = 0;
				GCC_PREPROCESSOR_DEFINITIONS = (
					"DEBUG=1",
					"$(inherited)",
				);
				GCC_SYMBOLS_PRIVATE_EXTERN = NO;
				GCC_WARN_64_TO_32_BIT_CONVERSION = YES;
				GCC_WARN_ABOUT_RETURN_TYPE = YES_ERROR;
				GCC_WARN_UNDECLARED_SELECTOR = YES;
				GCC_WARN_UNINITIALIZED_AUTOS = YES_AGGRESSIVE;
				GCC_WARN_UNUSED_FUNCTION = YES;
				GCC_WARN_UNUSED_VARIABLE = YES;
				IPHONEOS_DEPLOYMENT_TARGET = 8.2;
				MTL_ENABLE_DEBUG_INFO = YES;
				ONLY_ACTIVE_ARCH = YES;
				SDKROOT = iphoneos;
			};
			name = Debug;
		};
		A48597AD1B7F0C37009D5822 /* Release */ = {
			isa = XCBuildConfiguration;
			buildSettings = {
				ALWAYS_SEARCH_USER_PATHS = NO;
				CLANG_CXX_LANGUAGE_STANDARD = "gnu++0x";
				CLANG_CXX_LIBRARY = "libc++";
				CLANG_ENABLE_MODULES = YES;
				CLANG_ENABLE_OBJC_ARC = YES;
				CLANG_WARN_BOOL_CONVERSION = YES;
				CLANG_WARN_CONSTANT_CONVERSION = YES;
				CLANG_WARN_DIRECT_OBJC_ISA_USAGE = YES_ERROR;
				CLANG_WARN_EMPTY_BODY = YES;
				CLANG_WARN_ENUM_CONVERSION = YES;
				CLANG_WARN_INT_CONVERSION = YES;
				CLANG_WARN_OBJC_ROOT_CLASS = YES_ERROR;
				CLANG_WARN_UNREACHABLE_CODE = YES;
				CLANG_WARN__DUPLICATE_METHOD_MATCH = YES;
				"CODE_SIGN_IDENTITY[sdk=iphoneos*]" = "iPhone Developer";
				COPY_PHASE_STRIP = NO;
				ENABLE_NS_ASSERTIONS = NO;
				ENABLE_STRICT_OBJC_MSGSEND = YES;
				GCC_C_LANGUAGE_STANDARD = gnu99;
				GCC_WARN_64_TO_32_BIT_CONVERSION = YES;
				GCC_WARN_ABOUT_RETURN_TYPE = YES_ERROR;
				GCC_WARN_UNDECLARED_SELECTOR = YES;
				GCC_WARN_UNINITIALIZED_AUTOS = YES_AGGRESSIVE;
				GCC_WARN_UNUSED_FUNCTION = YES;
				GCC_WARN_UNUSED_VARIABLE = YES;
				IPHONEOS_DEPLOYMENT_TARGET = 8.2;
				MTL_ENABLE_DEBUG_INFO = NO;
				SDKROOT = iphoneos;
				VALIDATE_PRODUCT = YES;
			};
			name = Release;
		};
		A48597AF1B7F0C37009D5822 /* Debug */ = {
			isa = XCBuildConfiguration;
			buildSettings = {
				ASSETCATALOG_COMPILER_APPICON_NAME = AppIcon;
				CODE_SIGN_IDENTITY = "iPhone Developer";
				"CODE_SIGN_IDENTITY[sdk=iphoneos*]" = "iPhone Developer";
				FRAMEWORK_SEARCH_PATHS = (
					"$(PROJECT_DIR)",
					"$(PROJECT_DIR)/FacebookSDKs-iOS-20150813",
				);
				INFOPLIST_FILE = HackThePlanet/Info.plist;
				LD_RUNPATH_SEARCH_PATHS = "$(inherited) @executable_path/Frameworks";
				PRODUCT_NAME = "$(TARGET_NAME)";
				PROVISIONING_PROFILE = "";
			};
			name = Debug;
		};
		A48597B01B7F0C37009D5822 /* Release */ = {
			isa = XCBuildConfiguration;
			buildSettings = {
				ASSETCATALOG_COMPILER_APPICON_NAME = AppIcon;
				CODE_SIGN_IDENTITY = "iPhone Developer";
				"CODE_SIGN_IDENTITY[sdk=iphoneos*]" = "iPhone Developer";
				FRAMEWORK_SEARCH_PATHS = (
					"$(PROJECT_DIR)",
					"$(PROJECT_DIR)/FacebookSDKs-iOS-20150813",
				);
				INFOPLIST_FILE = HackThePlanet/Info.plist;
				LD_RUNPATH_SEARCH_PATHS = "$(inherited) @executable_path/Frameworks";
				PRODUCT_NAME = "$(TARGET_NAME)";
				PROVISIONING_PROFILE = "";
			};
			name = Release;
		};
		A48597B21B7F0C37009D5822 /* Debug */ = {
			isa = XCBuildConfiguration;
			buildSettings = {
				BUNDLE_LOADER = "$(TEST_HOST)";
				FRAMEWORK_SEARCH_PATHS = (
					"$(SDKROOT)/Developer/Library/Frameworks",
					"$(inherited)",
					"$(PROJECT_DIR)",
					"$(PROJECT_DIR)/FacebookSDKs-iOS-20150813",
				);
				GCC_PREPROCESSOR_DEFINITIONS = (
					"DEBUG=1",
					"$(inherited)",
				);
				INFOPLIST_FILE = HackThePlanetTests/Info.plist;
				LD_RUNPATH_SEARCH_PATHS = "$(inherited) @executable_path/Frameworks @loader_path/Frameworks";
				PRODUCT_NAME = "$(TARGET_NAME)";
				TEST_HOST = "$(BUILT_PRODUCTS_DIR)/HackThePlanet.app/HackThePlanet";
			};
			name = Debug;
		};
		A48597B31B7F0C37009D5822 /* Release */ = {
			isa = XCBuildConfiguration;
			buildSettings = {
				BUNDLE_LOADER = "$(TEST_HOST)";
				FRAMEWORK_SEARCH_PATHS = (
					"$(SDKROOT)/Developer/Library/Frameworks",
					"$(inherited)",
					"$(PROJECT_DIR)",
					"$(PROJECT_DIR)/FacebookSDKs-iOS-20150813",
				);
				INFOPLIST_FILE = HackThePlanetTests/Info.plist;
				LD_RUNPATH_SEARCH_PATHS = "$(inherited) @executable_path/Frameworks @loader_path/Frameworks";
				PRODUCT_NAME = "$(TARGET_NAME)";
				TEST_HOST = "$(BUILT_PRODUCTS_DIR)/HackThePlanet.app/HackThePlanet";
			};
			name = Release;
		};
/* End XCBuildConfiguration section */

/* Begin XCConfigurationList section */
		A48597861B7F0C37009D5822 /* Build configuration list for PBXProject "HackThePlanet" */ = {
			isa = XCConfigurationList;
			buildConfigurations = (
				A48597AC1B7F0C37009D5822 /* Debug */,
				A48597AD1B7F0C37009D5822 /* Release */,
			);
			defaultConfigurationIsVisible = 0;
			defaultConfigurationName = Release;
		};
		A48597AE1B7F0C37009D5822 /* Build configuration list for PBXNativeTarget "HackThePlanet" */ = {
			isa = XCConfigurationList;
			buildConfigurations = (
				A48597AF1B7F0C37009D5822 /* Debug */,
				A48597B01B7F0C37009D5822 /* Release */,
			);
			defaultConfigurationIsVisible = 0;
			defaultConfigurationName = Release;
		};
		A48597B11B7F0C37009D5822 /* Build configuration list for PBXNativeTarget "HackThePlanetTests" */ = {
			isa = XCConfigurationList;
			buildConfigurations = (
				A48597B21B7F0C37009D5822 /* Debug */,
				A48597B31B7F0C37009D5822 /* Release */,
			);
			defaultConfigurationIsVisible = 0;
			defaultConfigurationName = Release;
		};
/* End XCConfigurationList section */
	};
	rootObject = A48597831B7F0C37009D5822 /* Project object */;
}
