// !$*UTF8*$!
{
	archiveVersion = 1;
	classes = {
	};
	objectVersion = 46;
	objects = {

/* Begin PBXBuildFile section */
		A48597911B7F0C37009D5822 /* main.m in Sources */ = {isa = PBXBuildFile; fileRef = A48597901B7F0C37009D5822 /* main.m */; };
		A48597941B7F0C37009D5822 /* AppDelegate.m in Sources */ = {isa = PBXBuildFile; fileRef = A48597931B7F0C37009D5822 /* AppDelegate.m */; };
		A48597971B7F0C37009D5822 /* ViewController.m in Sources */ = {isa = PBXBuildFile; fileRef = A48597961B7F0C37009D5822 /* ViewController.m */; };
		A485979A1B7F0C37009D5822 /* Main.storyboard in Resources */ = {isa = PBXBuildFile; fileRef = A48597981B7F0C37009D5822 /* Main.storyboard */; };
		A485979C1B7F0C37009D5822 /* Images.xcassets in Resources */ = {isa = PBXBuildFile; fileRef = A485979B1B7F0C37009D5822 /* Images.xcassets */; };
		A485979F1B7F0C37009D5822 /* LaunchScreen.xib in Resources */ = {isa = PBXBuildFile; fileRef = A485979D1B7F0C37009D5822 /* LaunchScreen.xib */; };
		A48597AB1B7F0C37009D5822 /* HackThePlanetTests.m in Sources */ = {isa = PBXBuildFile; fileRef = A48597AA1B7F0C37009D5822 /* HackThePlanetTests.m */; };
		A48597B51B7F0C44009D5822 /* UIKit.framework in Frameworks */ = {isa = PBXBuildFile; fileRef = A48597B41B7F0C44009D5822 /* UIKit.framework */; };
		A48597B71B7F0C49009D5822 /* CoreLocation.framework in Frameworks */ = {isa = PBXBuildFile; fileRef = A48597B61B7F0C49009D5822 /* CoreLocation.framework */; };
		A48597BA1B7F0C59009D5822 /* LoginViewController.m in Sources */ = {isa = PBXBuildFile; fileRef = A48597B91B7F0C59009D5822 /* LoginViewController.m */; };
		A48597BC1B7F0D97009D5822 /* MapKit.framework in Frameworks */ = {isa = PBXBuildFile; fileRef = A48597BB1B7F0D97009D5822 /* MapKit.framework */; };
		A48597BE1B7F0DA2009D5822 /* CoreGraphics.framework in Frameworks */ = {isa = PBXBuildFile; fileRef = A48597BD1B7F0DA2009D5822 /* CoreGraphics.framework */; };
/* End PBXBuildFile section */

/* Begin PBXContainerItemProxy section */
		A48597A51B7F0C37009D5822 /* PBXContainerItemProxy */ = {
			isa = PBXContainerItemProxy;
			containerPortal = A48597831B7F0C37009D5822 /* Project object */;
			proxyType = 1;
			remoteGlobalIDString = A485978A1B7F0C37009D5822;
			remoteInfo = HackThePlanet;
		};
/* End PBXContainerItemProxy section */

/* Begin PBXFileReference section */
		A485978B1B7F0C37009D5822 /* HackThePlanet.app */ = {isa = PBXFileReference; explicitFileType = wrapper.application; includeInIndex = 0; path = HackThePlanet.app; sourceTree = BUILT_PRODUCTS_DIR; };
		A485978F1B7F0C37009D5822 /* Info.plist */ = {isa = PBXFileReference; lastKnownFileType = text.plist.xml; path = Info.plist; sourceTree = "<group>"; };
		A48597901B7F0C37009D5822 /* main.m */ = {isa = PBXFileReference; lastKnownFileType = sourcecode.c.objc; path = main.m; sourceTree = "<group>"; };
		A48597921B7F0C37009D5822 /* AppDelegate.h */ = {isa = PBXFileReference; lastKnownFileType = sourcecode.c.h; path = AppDelegate.h; sourceTree = "<group>"; };
		A48597931B7F0C37009D5822 /* AppDelegate.m */ = {isa = PBXFileReference; lastKnownFileType = sourcecode.c.objc; path = AppDelegate.m; sourceTree = "<group>"; };
		A48597951B7F0C37009D5822 /* ViewController.h */ = {isa = PBXFileReference; lastKnownFileType = sourcecode.c.h; path = ViewController.h; sourceTree = "<group>"; };
		A48597961B7F0C37009D5822 /* ViewController.m */ = {isa = PBXFileReference; lastKnownFileType = sourcecode.c.objc; path = ViewController.m; sourceTree = "<group>"; };
		A48597991B7F0C37009D5822 /* Base */ = {isa = PBXFileReference; lastKnownFileType = file.storyboard; name = Base; path = Base.lproj/Main.storyboard; sourceTree = "<group>"; };
		A485979B1B7F0C37009D5822 /* Images.xcassets */ = {isa = PBXFileReference; lastKnownFileType = folder.assetcatalog; path = Images.xcassets; sourceTree = "<group>"; };
		A485979E1B7F0C37009D5822 /* Base */ = {isa = PBXFileReference; lastKnownFileType = file.xib; name = Base; path = Base.lproj/LaunchScreen.xib; sourceTree = "<group>"; };
		A48597A41B7F0C37009D5822 /* HackThePlanetTests.xctest */ = {isa = PBXFileReference; explicitFileType = wrapper.cfbundle; includeInIndex = 0; path = HackThePlanetTests.xctest; sourceTree = BUILT_PRODUCTS_DIR; };
		A48597A91B7F0C37009D5822 /* Info.plist */ = {isa = PBXFileReference; lastKnownFileType = text.plist.xml; path = Info.plist; sourceTree = "<group>"; };
		A48597AA1B7F0C37009D5822 /* HackThePlanetTests.m */ = {isa = PBXFileReference; lastKnownFileType = sourcecode.c.objc; path = HackThePlanetTests.m; sourceTree = "<group>"; };
		A48597B41B7F0C44009D5822 /* UIKit.framework */ = {isa = PBXFileReference; lastKnownFileType = wrapper.framework; name = UIKit.framework; path = System/Library/Frameworks/UIKit.framework; sourceTree = SDKROOT; };
		A48597B61B7F0C49009D5822 /* CoreLocation.framework */ = {isa = PBXFileReference; lastKnownFileType = wrapper.framework; name = CoreLocation.framework; path = System/Library/Frameworks/CoreLocation.framework; sourceTree = SDKROOT; };
		A48597B81B7F0C59009D5822 /* LoginViewController.h */ = {isa = PBXFileReference; fileEncoding = 4; lastKnownFileType = sourcecode.c.h; path = LoginViewController.h; sourceTree = "<group>"; };
		A48597B91B7F0C59009D5822 /* LoginViewController.m */ = {isa = PBXFileReference; fileEncoding = 4; lastKnownFileType = sourcecode.c.objc; path = LoginViewController.m; sourceTree = "<group>"; };
		A48597BB1B7F0D97009D5822 /* MapKit.framework */ = {isa = PBXFileReference; lastKnownFileType = wrapper.framework; name = MapKit.framework; path = System/Library/Frameworks/MapKit.framework; sourceTree = SDKROOT; };
		A48597BD1B7F0DA2009D5822 /* CoreGraphics.framework */ = {isa = PBXFileReference; lastKnownFileType = wrapper.framework; name = CoreGraphics.framework; path = System/Library/Frameworks/CoreGraphics.framework; sourceTree = SDKROOT; };
/* End PBXFileReference section */

/* Begin PBXFrameworksBuildPhase section */
		A48597881B7F0C37009D5822 /* Frameworks */ = {
			isa = PBXFrameworksBuildPhase;
			buildActionMask = 2147483647;
			files = (
				A48597BE1B7F0DA2009D5822 /* CoreGraphics.framework in Frameworks */,
				A48597BC1B7F0D97009D5822 /* MapKit.framework in Frameworks */,
				A48597B71B7F0C49009D5822 /* CoreLocation.framework in Frameworks */,
				A48597B51B7F0C44009D5822 /* UIKit.framework in Frameworks */,
			);
			runOnlyForDeploymentPostprocessing = 0;
		};
		A48597A11B7F0C37009D5822 /* Frameworks */ = {
			isa = PBXFrameworksBuildPhase;
			buildActionMask = 2147483647;
			files = (
			);
			runOnlyForDeploymentPostprocessing = 0;
		};
/* End PBXFrameworksBuildPhase section */

/* Begin PBXGroup section */
		A48597821B7F0C37009D5822 = {
			isa = PBXGroup;
			children = (
				A48597BD1B7F0DA2009D5822 /* CoreGraphics.framework */,
				A48597BB1B7F0D97009D5822 /* MapKit.framework */,
				A48597B61B7F0C49009D5822 /* CoreLocation.framework */,
				A48597B41B7F0C44009D5822 /* UIKit.framework */,
				A485978D1B7F0C37009D5822 /* HackThePlanet */,
				A48597A71B7F0C37009D5822 /* HackThePlanetTests */,
				A485978C1B7F0C37009D5822 /* Products */,
			);
			sourceTree = "<group>";
		};
		A485978C1B7F0C37009D5822 /* Products */ = {
			isa = PBXGroup;
			children = (
				A485978B1B7F0C37009D5822 /* HackThePlanet.app */,
				A48597A41B7F0C37009D5822 /* HackThePlanetTests.xctest */,
			);
			name = Products;
			sourceTree = "<group>";
		};
		A485978D1B7F0C37009D5822 /* HackThePlanet */ = {
			isa = PBXGroup;
			children = (
				A48597B81B7F0C59009D5822 /* LoginViewController.h */,
				A48597B91B7F0C59009D5822 /* LoginViewController.m */,
				A48597921B7F0C37009D5822 /* AppDelegate.h */,
				A48597931B7F0C37009D5822 /* AppDelegate.m */,
				A48597951B7F0C37009D5822 /* ViewController.h */,
				A48597961B7F0C37009D5822 /* ViewController.m */,
				A48597981B7F0C37009D5822 /* Main.storyboard */,
				A485979B1B7F0C37009D5822 /* Images.xcassets */,
				A485979D1B7F0C37009D5822 /* LaunchScreen.xib */,
				A485978E1B7F0C37009D5822 /* Supporting Files */,
			);
			path = HackThePlanet;
			sourceTree = "<group>";
		};
		A485978E1B7F0C37009D5822 /* Supporting Files */ = {
			isa = PBXGroup;
			children = (
				A485978F1B7F0C37009D5822 /* Info.plist */,
				A48597901B7F0C37009D5822 /* main.m */,
			);
			name = "Supporting Files";
			sourceTree = "<group>";
		};
		A48597A71B7F0C37009D5822 /* HackThePlanetTests */ = {
			isa = PBXGroup;
			children = (
				A48597AA1B7F0C37009D5822 /* HackThePlanetTests.m */,
				A48597A81B7F0C37009D5822 /* Supporting Files */,
			);
			path = HackThePlanetTests;
			sourceTree = "<group>";
		};
		A48597A81B7F0C37009D5822 /* Supporting Files */ = {
			isa = PBXGroup;
			children = (
				A48597A91B7F0C37009D5822 /* Info.plist */,
			);
			name = "Supporting Files";
			sourceTree = "<group>";
		};
/* End PBXGroup section */

/* Begin PBXNativeTarget section */
		A485978A1B7F0C37009D5822 /* HackThePlanet */ = {
			isa = PBXNativeTarget;
			buildConfigurationList = A48597AE1B7F0C37009D5822 /* Build configuration list for PBXNativeTarget "HackThePlanet" */;
			buildPhases = (
				A48597871B7F0C37009D5822 /* Sources */,
				A48597881B7F0C37009D5822 /* Frameworks */,
				A48597891B7F0C37009D5822 /* Resources */,
			);
			buildRules = (
			);
			dependencies = (
			);
			name = HackThePlanet;
			productName = HackThePlanet;
			productReference = A485978B1B7F0C37009D5822 /* HackThePlanet.app */;
			productType = "com.apple.product-type.application";
		};
		A48597A31B7F0C37009D5822 /* HackThePlanetTests */ = {
			isa = PBXNativeTarget;
			buildConfigurationList = A48597B11B7F0C37009D5822 /* Build configuration list for PBXNativeTarget "HackThePlanetTests" */;
			buildPhases = (
				A48597A01B7F0C37009D5822 /* Sources */,
				A48597A11B7F0C37009D5822 /* Frameworks */,
				A48597A21B7F0C37009D5822 /* Resources */,
			);
			buildRules = (
			);
			dependencies = (
				A48597A61B7F0C37009D5822 /* PBXTargetDependency */,
			);
			name = HackThePlanetTests;
			productName = HackThePlanetTests;
			productReference = A48597A41B7F0C37009D5822 /* HackThePlanetTests.xctest */;
			productType = "com.apple.product-type.bundle.unit-test";
		};
/* End PBXNativeTarget section */

/* Begin PBXProject section */
		A48597831B7F0C37009D5822 /* Project object */ = {
			isa = PBXProject;
			attributes = {
				LastUpgradeCheck = 0620;
				ORGANIZATIONNAME = MLH_Team;
				TargetAttributes = {
					A485978A1B7F0C37009D5822 = {
						CreatedOnToolsVersion = 6.2;
						DevelopmentTeam = 53FPNQK53L;
					};
					A48597A31B7F0C37009D5822 = {
						CreatedOnToolsVersion = 6.2;
						TestTargetID = A485978A1B7F0C37009D5822;
					};
				};
			};
			buildConfigurationList = A48597861B7F0C37009D5822 /* Build configuration list for PBXProject "HackThePlanet" */;
			compatibilityVersion = "Xcode 3.2";
			developmentRegion = English;
			hasScannedForEncodings = 0;
			knownRegions = (
				en,
				Base,
			);
			mainGroup = A48597821B7F0C37009D5822;
			productRefGroup = A485978C1B7F0C37009D5822 /* Products */;
			projectDirPath = "";
			projectRoot = "";
			targets = (
				A485978A1B7F0C37009D5822 /* HackThePlanet */,
				A48597A31B7F0C37009D5822 /* HackThePlanetTests */,
			);
		};
/* End PBXProject section */

/* Begin PBXResourcesBuildPhase section */
		A48597891B7F0C37009D5822 /* Resources */ = {
			isa = PBXResourcesBuildPhase;
			buildActionMask = 2147483647;
			files = (
				A485979A1B7F0C37009D5822 /* Main.storyboard in Resources */,
				A485979F1B7F0C37009D5822 /* LaunchScreen.xib in Resources */,
				A485979C1B7F0C37009D5822 /* Images.xcassets in Resources */,
			);
			runOnlyForDeploymentPostprocessing = 0;
		};
		A48597A21B7F0C37009D5822 /* Resources */ = {
			isa = PBXResourcesBuildPhase;
			buildActionMask = 2147483647;
			files = (
			);
			runOnlyForDeploymentPostprocessing = 0;
		};
/* End PBXResourcesBuildPhase section */

/* Begin PBXSourcesBuildPhase section */
		A48597871B7F0C37009D5822 /* Sources */ = {
			isa = PBXSourcesBuildPhase;
			buildActionMask = 2147483647;
			files = (
				A48597BA1B7F0C59009D5822 /* LoginViewController.m in Sources */,
				A48597971B7F0C37009D5822 /* ViewController.m in Sources */,
				A48597941B7F0C37009D5822 /* AppDelegate.m in Sources */,
				A48597911B7F0C37009D5822 /* main.m in Sources */,
			);
			runOnlyForDeploymentPostprocessing = 0;
		};
		A48597A01B7F0C37009D5822 /* Sources */ = {
			isa = PBXSourcesBuildPhase;
			buildActionMask = 2147483647;
			files = (
				A48597AB1B7F0C37009D5822 /* HackThePlanetTests.m in Sources */,
			);
			runOnlyForDeploymentPostprocessing = 0;
		};
/* End PBXSourcesBuildPhase section */

/* Begin PBXTargetDependency section */
		A48597A61B7F0C37009D5822 /* PBXTargetDependency */ = {
			isa = PBXTargetDependency;
			target = A485978A1B7F0C37009D5822 /* HackThePlanet */;
			targetProxy = A48597A51B7F0C37009D5822 /* PBXContainerItemProxy */;
		};
/* End PBXTargetDependency section */

/* Begin PBXVariantGroup section */
		A48597981B7F0C37009D5822 /* Main.storyboard */ = {
			isa = PBXVariantGroup;
			children = (
				A48597991B7F0C37009D5822 /* Base */,
			);
			name = Main.storyboard;
			sourceTree = "<group>";
		};
		A485979D1B7F0C37009D5822 /* LaunchScreen.xib */ = {
			isa = PBXVariantGroup;
			children = (
				A485979E1B7F0C37009D5822 /* Base */,
			);
			name = LaunchScreen.xib;
			sourceTree = "<group>";
		};
/* End PBXVariantGroup section */

/* Begin XCBuildConfiguration section */
		A48597AC1B7F0C37009D5822 /* Debug */ = {
			isa = XCBuildConfiguration;
			buildSettings = {
				ALWAYS_SEARCH_USER_PATHS = NO;
				CLANG_CXX_LANGUAGE_STANDARD = "gnu++0x";
				CLANG_CXX_LIBRARY = "libc++";
				CLANG_ENABLE_MODULES = YES;
				CLANG_ENABLE_OBJC_ARC = YES;
				CLANG_WARN_BOOL_CONVERSION = YES;
				CLANG_WARN_CONSTANT_CONVERSION = YES;
				CLANG_WARN_DIRECT_OBJC_ISA_USAGE = YES_ERROR;
				CLANG_WARN_EMPTY_BODY = YES;
				CLANG_WARN_ENUM_CONVERSION = YES;
				CLANG_WARN_INT_CONVERSION = YES;
				CLANG_WARN_OBJC_ROOT_CLASS = YES_ERROR;
				CLANG_WARN_UNREACHABLE_CODE = YES;
				CLANG_WARN__DUPLICATE_METHOD_MATCH = YES;
				"CODE_SIGN_IDENTITY[sdk=iphoneos*]" = "iPhone Developer";
				COPY_PHASE_STRIP = NO;
				ENABLE_STRICT_OBJC_MSGSEND = YES;
				GCC_C_LANGUAGE_STANDARD = gnu99;
				GCC_DYNAMIC_NO_PIC = NO;
				GCC_OPTIMIZATION_LEVEL = 0;
				GCC_PREPROCESSOR_DEFINITIONS = (
					"DEBUG=1",
					"$(inherited)",
				);
				GCC_SYMBOLS_PRIVATE_EXTERN = NO;
				GCC_WARN_64_TO_32_BIT_CONVERSION = YES;
				GCC_WARN_ABOUT_RETURN_TYPE = YES_ERROR;
				GCC_WARN_UNDECLARED_SELECTOR = YES;
				GCC_WARN_UNINITIALIZED_AUTOS = YES_AGGRESSIVE;
				GCC_WARN_UNUSED_FUNCTION = YES;
				GCC_WARN_UNUSED_VARIABLE = YES;
				IPHONEOS_DEPLOYMENT_TARGET = 8.2;
				MTL_ENABLE_DEBUG_INFO = YES;
				ONLY_ACTIVE_ARCH = YES;
				SDKROOT = iphoneos;
			};
			name = Debug;
		};
		A48597AD1B7F0C37009D5822 /* Release */ = {
			isa = XCBuildConfiguration;
			buildSettings = {
				ALWAYS_SEARCH_USER_PATHS = NO;
				CLANG_CXX_LANGUAGE_STANDARD = "gnu++0x";
				CLANG_CXX_LIBRARY = "libc++";
				CLANG_ENABLE_MODULES = YES;
				CLANG_ENABLE_OBJC_ARC = YES;
				CLANG_WARN_BOOL_CONVERSION = YES;
				CLANG_WARN_CONSTANT_CONVERSION = YES;
				CLANG_WARN_DIRECT_OBJC_ISA_USAGE = YES_ERROR;
				CLANG_WARN_EMPTY_BODY = YES;
				CLANG_WARN_ENUM_CONVERSION = YES;
				CLANG_WARN_INT_CONVERSION = YES;
				CLANG_WARN_OBJC_ROOT_CLASS = YES_ERROR;
				CLANG_WARN_UNREACHABLE_CODE = YES;
				CLANG_WARN__DUPLICATE_METHOD_MATCH = YES;
				"CODE_SIGN_IDENTITY[sdk=iphoneos*]" = "iPhone Developer";
				COPY_PHASE_STRIP = NO;
				ENABLE_NS_ASSERTIONS = NO;
				ENABLE_STRICT_OBJC_MSGSEND = YES;
				GCC_C_LANGUAGE_STANDARD = gnu99;
				GCC_WARN_64_TO_32_BIT_CONVERSION = YES;
				GCC_WARN_ABOUT_RETURN_TYPE = YES_ERROR;
				GCC_WARN_UNDECLARED_SELECTOR = YES;
				GCC_WARN_UNINITIALIZED_AUTOS = YES_AGGRESSIVE;
				GCC_WARN_UNUSED_FUNCTION = YES;
				GCC_WARN_UNUSED_VARIABLE = YES;
				IPHONEOS_DEPLOYMENT_TARGET = 8.2;
				MTL_ENABLE_DEBUG_INFO = NO;
				SDKROOT = iphoneos;
				VALIDATE_PRODUCT = YES;
			};
			name = Release;
		};
		A48597AF1B7F0C37009D5822 /* Debug */ = {
			isa = XCBuildConfiguration;
			buildSettings = {
				ASSETCATALOG_COMPILER_APPICON_NAME = AppIcon;
				INFOPLIST_FILE = HackThePlanet/Info.plist;
				LD_RUNPATH_SEARCH_PATHS = "$(inherited) @executable_path/Frameworks";
				PRODUCT_NAME = "$(TARGET_NAME)";
			};
			name = Debug;
		};
		A48597B01B7F0C37009D5822 /* Release */ = {
			isa = XCBuildConfiguration;
			buildSettings = {
				ASSETCATALOG_COMPILER_APPICON_NAME = AppIcon;
				INFOPLIST_FILE = HackThePlanet/Info.plist;
				LD_RUNPATH_SEARCH_PATHS = "$(inherited) @executable_path/Frameworks";
				PRODUCT_NAME = "$(TARGET_NAME)";
			};
			name = Release;
		};
		A48597B21B7F0C37009D5822 /* Debug */ = {
			isa = XCBuildConfiguration;
			buildSettings = {
				BUNDLE_LOADER = "$(TEST_HOST)";
				FRAMEWORK_SEARCH_PATHS = (
					"$(SDKROOT)/Developer/Library/Frameworks",
					"$(inherited)",
				);
				GCC_PREPROCESSOR_DEFINITIONS = (
					"DEBUG=1",
					"$(inherited)",
				);
				INFOPLIST_FILE = HackThePlanetTests/Info.plist;
				LD_RUNPATH_SEARCH_PATHS = "$(inherited) @executable_path/Frameworks @loader_path/Frameworks";
				PRODUCT_NAME = "$(TARGET_NAME)";
				TEST_HOST = "$(BUILT_PRODUCTS_DIR)/HackThePlanet.app/HackThePlanet";
			};
			name = Debug;
		};
		A48597B31B7F0C37009D5822 /* Release */ = {
			isa = XCBuildConfiguration;
			buildSettings = {
				BUNDLE_LOADER = "$(TEST_HOST)";
				FRAMEWORK_SEARCH_PATHS = (
					"$(SDKROOT)/Developer/Library/Frameworks",
					"$(inherited)",
				);
				INFOPLIST_FILE = HackThePlanetTests/Info.plist;
				LD_RUNPATH_SEARCH_PATHS = "$(inherited) @executable_path/Frameworks @loader_path/Frameworks";
				PRODUCT_NAME = "$(TARGET_NAME)";
				TEST_HOST = "$(BUILT_PRODUCTS_DIR)/HackThePlanet.app/HackThePlanet";
			};
			name = Release;
		};
/* End XCBuildConfiguration section */

/* Begin XCConfigurationList section */
		A48597861B7F0C37009D5822 /* Build configuration list for PBXProject "HackThePlanet" */ = {
			isa = XCConfigurationList;
			buildConfigurations = (
				A48597AC1B7F0C37009D5822 /* Debug */,
				A48597AD1B7F0C37009D5822 /* Release */,
			);
			defaultConfigurationIsVisible = 0;
			defaultConfigurationName = Release;
		};
		A48597AE1B7F0C37009D5822 /* Build configuration list for PBXNativeTarget "HackThePlanet" */ = {
			isa = XCConfigurationList;
			buildConfigurations = (
				A48597AF1B7F0C37009D5822 /* Debug */,
				A48597B01B7F0C37009D5822 /* Release */,
			);
			defaultConfigurationIsVisible = 0;
			defaultConfigurationName = Release;
		};
		A48597B11B7F0C37009D5822 /* Build configuration list for PBXNativeTarget "HackThePlanetTests" */ = {
			isa = XCConfigurationList;
			buildConfigurations = (
				A48597B21B7F0C37009D5822 /* Debug */,
				A48597B31B7F0C37009D5822 /* Release */,
			);
			defaultConfigurationIsVisible = 0;
			defaultConfigurationName = Release;
		};
/* End XCConfigurationList section */
	};
	rootObject = A48597831B7F0C37009D5822 /* Project object */;
}
